PODS:
  - AnimatableReload (0.2.0)
  - PullToRefresher (3.3)
  - Realm (5.3.0):
    - Realm/Headers (= 5.3.0)
  - Realm/Headers (5.3.0)
  - RealmSwift (5.3.0):
    - Realm (= 5.3.0)
  - SwiftKeychainWrapper (3.4.0)
  - SwiftySound (1.2.0)
  - SwipeCellKit (2.7.1)

DEPENDENCIES:
  - AnimatableReload (~> 0.2)
  - PullToRefresher (~> 3.2)
  - RealmSwift
  - SwiftKeychainWrapper
  - SwiftySound
  - SwipeCellKit (~> 2.7)

SPEC REPOS:
  trunk:
    - AnimatableReload
    - PullToRefresher
    - Realm
    - RealmSwift
    - SwiftKeychainWrapper
    - SwiftySound
    - SwipeCellKit

SPEC CHECKSUMS:
  AnimatableReload: 9576d3019bfb103f76b5f37fa6f8915bd8307527
  PullToRefresher: 6fc2ab6494caf949bcf6f0223ffd23f9d21a06f6
  Realm: 81b533e4d02518e3e36a702d43a716b48bf89ed6
  RealmSwift: d8954b0c203d532cfa8412ab18e2da01eb071aa4
  SwiftKeychainWrapper: 6fc49fbf7d4a6b0772917acb0e53a1639f6078d6
  SwiftySound: 9eb28bb14edb601b40027e44319e0ef8383f88bf
  SwipeCellKit: 3972254a826da74609926daf59b08d6c72e619ea

PODFILE CHECKSUM: efaca272a8e874093561cca714133bb89da84754

COCOAPODS: 1.8.4
