// !$*UTF8*$!
{
	archiveVersion = 1;
	classes = {
	};
	objectVersion = 51;
	objects = {

/* Begin PBXBuildFile section */
		A753544F7083C636E4CF3A03 /* Pods_NewsApp.framework in Frameworks */ = {isa = PBXBuildFile; fileRef = 572EE667723CD2DDB190F286 /* Pods_NewsApp.framework */; };
		CE4574702514C42A007DFEA6 /* AppDelegate.swift in Sources */ = {isa = PBXBuildFile; fileRef = CE45746F2514C42A007DFEA6 /* AppDelegate.swift */; };
		CE4574722514C42A007DFEA6 /* SceneDelegate.swift in Sources */ = {isa = PBXBuildFile; fileRef = CE4574712514C42A007DFEA6 /* SceneDelegate.swift */; };
		CE4574742514C42A007DFEA6 /* MovieViewController.swift in Sources */ = {isa = PBXBuildFile; fileRef = CE4574732514C42A007DFEA6 /* MovieViewController.swift */; };
		CE4574772514C42A007DFEA6 /* Main.storyboard in Resources */ = {isa = PBXBuildFile; fileRef = CE4574752514C42A007DFEA6 /* Main.storyboard */; };
		CE4574792514C42F007DFEA6 /* Assets.xcassets in Resources */ = {isa = PBXBuildFile; fileRef = CE4574782514C42F007DFEA6 /* Assets.xcassets */; };
		CE45747C2514C42F007DFEA6 /* LaunchScreen.storyboard in Resources */ = {isa = PBXBuildFile; fileRef = CE45747A2514C42F007DFEA6 /* LaunchScreen.storyboard */; };
		CE45748425166457007DFEA6 /* Model.swift in Sources */ = {isa = PBXBuildFile; fileRef = CE45748325166457007DFEA6 /* Model.swift */; };
		CE457486251667E1007DFEA6 /* ApiService.swift in Sources */ = {isa = PBXBuildFile; fileRef = CE457485251667E1007DFEA6 /* ApiService.swift */; };
		CE45748825172B1C007DFEA6 /* MovieViewModel.swift in Sources */ = {isa = PBXBuildFile; fileRef = CE45748725172B1C007DFEA6 /* MovieViewModel.swift */; };
		CE4574AA251756ED007DFEA6 /* MovieTableViewCell.swift in Sources */ = {isa = PBXBuildFile; fileRef = CE4574A9251756ED007DFEA6 /* MovieTableViewCell.swift */; };
		CE4BAA1A2517792F003D49F2 /* MovieDetailViewController.swift in Sources */ = {isa = PBXBuildFile; fileRef = CE4BAA192517792F003D49F2 /* MovieDetailViewController.swift */; };
		CE4BAA202517887E003D49F2 /* MovieCached.swift in Sources */ = {isa = PBXBuildFile; fileRef = CE4BAA1F2517887E003D49F2 /* MovieCached.swift */; };
		CE4BAA2225178B6A003D49F2 /* RealmMethods.swift in Sources */ = {isa = PBXBuildFile; fileRef = CE4BAA2125178B6A003D49F2 /* RealmMethods.swift */; };
/* End PBXBuildFile section */

/* Begin PBXFileReference section */
		1F0DB7C6F813C74BA9DE92EC /* Pods-NewsApp.debug.xcconfig */ = {isa = PBXFileReference; includeInIndex = 1; lastKnownFileType = text.xcconfig; name = "Pods-NewsApp.debug.xcconfig"; path = "Target Support Files/Pods-NewsApp/Pods-NewsApp.debug.xcconfig"; sourceTree = "<group>"; };
		572EE667723CD2DDB190F286 /* Pods_NewsApp.framework */ = {isa = PBXFileReference; explicitFileType = wrapper.framework; includeInIndex = 0; path = Pods_NewsApp.framework; sourceTree = BUILT_PRODUCTS_DIR; };
		CE45746C2514C42A007DFEA6 /* NewsApp.app */ = {isa = PBXFileReference; explicitFileType = wrapper.application; includeInIndex = 0; path = NewsApp.app; sourceTree = BUILT_PRODUCTS_DIR; };
		CE45746F2514C42A007DFEA6 /* AppDelegate.swift */ = {isa = PBXFileReference; lastKnownFileType = sourcecode.swift; path = AppDelegate.swift; sourceTree = "<group>"; };
		CE4574712514C42A007DFEA6 /* SceneDelegate.swift */ = {isa = PBXFileReference; lastKnownFileType = sourcecode.swift; path = SceneDelegate.swift; sourceTree = "<group>"; };
		CE4574732514C42A007DFEA6 /* MovieViewController.swift */ = {isa = PBXFileReference; lastKnownFileType = sourcecode.swift; path = MovieViewController.swift; sourceTree = "<group>"; };
		CE4574762514C42A007DFEA6 /* Base */ = {isa = PBXFileReference; lastKnownFileType = file.storyboard; name = Base; path = Base.lproj/Main.storyboard; sourceTree = "<group>"; };
		CE4574782514C42F007DFEA6 /* Assets.xcassets */ = {isa = PBXFileReference; lastKnownFileType = folder.assetcatalog; path = Assets.xcassets; sourceTree = "<group>"; };
		CE45747B2514C42F007DFEA6 /* Base */ = {isa = PBXFileReference; lastKnownFileType = file.storyboard; name = Base; path = Base.lproj/LaunchScreen.storyboard; sourceTree = "<group>"; };
		CE45747D2514C42F007DFEA6 /* Info.plist */ = {isa = PBXFileReference; lastKnownFileType = text.plist.xml; path = Info.plist; sourceTree = "<group>"; };
		CE45748325166457007DFEA6 /* Model.swift */ = {isa = PBXFileReference; lastKnownFileType = sourcecode.swift; path = Model.swift; sourceTree = "<group>"; };
		CE457485251667E1007DFEA6 /* ApiService.swift */ = {isa = PBXFileReference; lastKnownFileType = sourcecode.swift; path = ApiService.swift; sourceTree = "<group>"; };
		CE45748725172B1C007DFEA6 /* MovieViewModel.swift */ = {isa = PBXFileReference; lastKnownFileType = sourcecode.swift; path = MovieViewModel.swift; sourceTree = "<group>"; };
		CE4574A9251756ED007DFEA6 /* MovieTableViewCell.swift */ = {isa = PBXFileReference; lastKnownFileType = sourcecode.swift; path = MovieTableViewCell.swift; sourceTree = "<group>"; };
		CE4BAA192517792F003D49F2 /* MovieDetailViewController.swift */ = {isa = PBXFileReference; lastKnownFileType = sourcecode.swift; path = MovieDetailViewController.swift; sourceTree = "<group>"; };
		CE4BAA1F2517887E003D49F2 /* MovieCached.swift */ = {isa = PBXFileReference; lastKnownFileType = sourcecode.swift; path = MovieCached.swift; sourceTree = "<group>"; };
		CE4BAA2125178B6A003D49F2 /* RealmMethods.swift */ = {isa = PBXFileReference; lastKnownFileType = sourcecode.swift; path = RealmMethods.swift; sourceTree = "<group>"; };
		D624B455C1B908469F51A14F /* Pods-NewsApp.release.xcconfig */ = {isa = PBXFileReference; includeInIndex = 1; lastKnownFileType = text.xcconfig; name = "Pods-NewsApp.release.xcconfig"; path = "Target Support Files/Pods-NewsApp/Pods-NewsApp.release.xcconfig"; sourceTree = "<group>"; };
/* End PBXFileReference section */

/* Begin PBXFrameworksBuildPhase section */
		CE4574692514C42A007DFEA6 /* Frameworks */ = {
			isa = PBXFrameworksBuildPhase;
			buildActionMask = 2147483647;
			files = (
				A753544F7083C636E4CF3A03 /* Pods_NewsApp.framework in Frameworks */,
			);
			runOnlyForDeploymentPostprocessing = 0;
		};
/* End PBXFrameworksBuildPhase section */

/* Begin PBXGroup section */
		123A6E043FEFF49321E82BA0 /* Frameworks */ = {
			isa = PBXGroup;
			children = (
				572EE667723CD2DDB190F286 /* Pods_NewsApp.framework */,
			);
			name = Frameworks;
			sourceTree = "<group>";
		};
		85EF552FE8AB0D853BC5A358 /* Pods */ = {
			isa = PBXGroup;
			children = (
				1F0DB7C6F813C74BA9DE92EC /* Pods-NewsApp.debug.xcconfig */,
				D624B455C1B908469F51A14F /* Pods-NewsApp.release.xcconfig */,
			);
			path = Pods;
			sourceTree = "<group>";
		};
		CE4574632514C42A007DFEA6 = {
			isa = PBXGroup;
			children = (
				CE45746E2514C42A007DFEA6 /* NewsApp */,
				CE45746D2514C42A007DFEA6 /* Products */,
				85EF552FE8AB0D853BC5A358 /* Pods */,
				123A6E043FEFF49321E82BA0 /* Frameworks */,
			);
			sourceTree = "<group>";
		};
		CE45746D2514C42A007DFEA6 /* Products */ = {
			isa = PBXGroup;
			children = (
				CE45746C2514C42A007DFEA6 /* NewsApp.app */,
			);
			name = Products;
			sourceTree = "<group>";
		};
		CE45746E2514C42A007DFEA6 /* NewsApp */ = {
			isa = PBXGroup;
			children = (
				CE4574AF2517647D007DFEA6 /* Networking */,
				CE4574AE25176472007DFEA6 /* Controller */,
				CE4574AD25176452007DFEA6 /* ViewModel */,
				CE4574AC2517644C007DFEA6 /* View */,
				CE4574AB2517643E007DFEA6 /* Model */,
				CE45746F2514C42A007DFEA6 /* AppDelegate.swift */,
				CE4574712514C42A007DFEA6 /* SceneDelegate.swift */,
				CE4574782514C42F007DFEA6 /* Assets.xcassets */,
				CE45747A2514C42F007DFEA6 /* LaunchScreen.storyboard */,
				CE45747D2514C42F007DFEA6 /* Info.plist */,
			);
			path = NewsApp;
			sourceTree = "<group>";
		};
		CE4574AB2517643E007DFEA6 /* Model */ = {
			isa = PBXGroup;
			children = (
				CE45748325166457007DFEA6 /* Model.swift */,
				CE4BAA1F2517887E003D49F2 /* MovieCached.swift */,
				CE4BAA2125178B6A003D49F2 /* RealmMethods.swift */,
			);
			path = Model;
			sourceTree = "<group>";
		};
		CE4574AC2517644C007DFEA6 /* View */ = {
			isa = PBXGroup;
			children = (
				CE4574752514C42A007DFEA6 /* Main.storyboard */,
				CE4574A9251756ED007DFEA6 /* MovieTableViewCell.swift */,
			);
			path = View;
			sourceTree = "<group>";
		};
		CE4574AD25176452007DFEA6 /* ViewModel */ = {
			isa = PBXGroup;
			children = (
				CE45748725172B1C007DFEA6 /* MovieViewModel.swift */,
			);
			path = ViewModel;
			sourceTree = "<group>";
		};
		CE4574AE25176472007DFEA6 /* Controller */ = {
			isa = PBXGroup;
			children = (
				CE4574732514C42A007DFEA6 /* MovieViewController.swift */,
				CE4BAA192517792F003D49F2 /* MovieDetailViewController.swift */,
			);
			path = Controller;
			sourceTree = "<group>";
		};
		CE4574AF2517647D007DFEA6 /* Networking */ = {
			isa = PBXGroup;
			children = (
				CE457485251667E1007DFEA6 /* ApiService.swift */,
			);
			path = Networking;
			sourceTree = "<group>";
		};
/* End PBXGroup section */

/* Begin PBXNativeTarget section */
		CE45746B2514C42A007DFEA6 /* NewsApp */ = {
			isa = PBXNativeTarget;
			buildConfigurationList = CE4574802514C42F007DFEA6 /* Build configuration list for PBXNativeTarget "NewsApp" */;
			buildPhases = (
				E2461CC9872FDB3EDB840DFB /* [CP] Check Pods Manifest.lock */,
				CE4574682514C42A007DFEA6 /* Sources */,
				CE4574692514C42A007DFEA6 /* Frameworks */,
				CE45746A2514C42A007DFEA6 /* Resources */,
				C9D06F4BEBCABFCEF8F58429 /* [CP] Embed Pods Frameworks */,
			);
			buildRules = (
			);
			dependencies = (
			);
			name = NewsApp;
			productName = NewsApp;
			productReference = CE45746C2514C42A007DFEA6 /* NewsApp.app */;
			productType = "com.apple.product-type.application";
		};
/* End PBXNativeTarget section */

/* Begin PBXProject section */
		CE4574642514C42A007DFEA6 /* Project object */ = {
			isa = PBXProject;
			attributes = {
				LastSwiftUpdateCheck = 1130;
				LastUpgradeCheck = 1130;
				ORGANIZATIONNAME = "Syrym Zhursin";
				TargetAttributes = {
					CE45746B2514C42A007DFEA6 = {
						CreatedOnToolsVersion = 11.3.1;
					};
				};
			};
			buildConfigurationList = CE4574672514C42A007DFEA6 /* Build configuration list for PBXProject "NewsApp" */;
			compatibilityVersion = "Xcode 9.3";
			developmentRegion = en;
			hasScannedForEncodings = 0;
			knownRegions = (
				en,
				Base,
			);
			mainGroup = CE4574632514C42A007DFEA6;
			productRefGroup = CE45746D2514C42A007DFEA6 /* Products */;
			projectDirPath = "";
			projectRoot = "";
			targets = (
				CE45746B2514C42A007DFEA6 /* NewsApp */,
			);
		};
/* End PBXProject section */

/* Begin PBXResourcesBuildPhase section */
		CE45746A2514C42A007DFEA6 /* Resources */ = {
			isa = PBXResourcesBuildPhase;
			buildActionMask = 2147483647;
			files = (
				CE45747C2514C42F007DFEA6 /* LaunchScreen.storyboard in Resources */,
				CE4574792514C42F007DFEA6 /* Assets.xcassets in Resources */,
				CE4574772514C42A007DFEA6 /* Main.storyboard in Resources */,
			);
			runOnlyForDeploymentPostprocessing = 0;
		};
/* End PBXResourcesBuildPhase section */

/* Begin PBXShellScriptBuildPhase section */
		C9D06F4BEBCABFCEF8F58429 /* [CP] Embed Pods Frameworks */ = {
			isa = PBXShellScriptBuildPhase;
			buildActionMask = 2147483647;
			files = (
			);
			inputFileListPaths = (
				"${PODS_ROOT}/Target Support Files/Pods-NewsApp/Pods-NewsApp-frameworks-${CONFIGURATION}-input-files.xcfilelist",
			);
			name = "[CP] Embed Pods Frameworks";
			outputFileListPaths = (
				"${PODS_ROOT}/Target Support Files/Pods-NewsApp/Pods-NewsApp-frameworks-${CONFIGURATION}-output-files.xcfilelist",
			);
			runOnlyForDeploymentPostprocessing = 0;
			shellPath = /bin/sh;
			shellScript = "\"${PODS_ROOT}/Target Support Files/Pods-NewsApp/Pods-NewsApp-frameworks.sh\"\n";
			showEnvVarsInLog = 0;
		};
		E2461CC9872FDB3EDB840DFB /* [CP] Check Pods Manifest.lock */ = {
			isa = PBXShellScriptBuildPhase;
			buildActionMask = 2147483647;
			files = (
			);
			inputFileListPaths = (
			);
			inputPaths = (
				"${PODS_PODFILE_DIR_PATH}/Podfile.lock",
				"${PODS_ROOT}/Manifest.lock",
			);
			name = "[CP] Check Pods Manifest.lock";
			outputFileListPaths = (
			);
			outputPaths = (
				"$(DERIVED_FILE_DIR)/Pods-NewsApp-checkManifestLockResult.txt",
			);
			runOnlyForDeploymentPostprocessing = 0;
			shellPath = /bin/sh;
			shellScript = "diff \"${PODS_PODFILE_DIR_PATH}/Podfile.lock\" \"${PODS_ROOT}/Manifest.lock\" > /dev/null\nif [ $? != 0 ] ; then\n    # print error to STDERR\n    echo \"error: The sandbox is not in sync with the Podfile.lock. Run 'pod install' or update your CocoaPods installation.\" >&2\n    exit 1\nfi\n# This output is used by Xcode 'outputs' to avoid re-running this script phase.\necho \"SUCCESS\" > \"${SCRIPT_OUTPUT_FILE_0}\"\n";
			showEnvVarsInLog = 0;
		};
/* End PBXShellScriptBuildPhase section */

/* Begin PBXSourcesBuildPhase section */
		CE4574682514C42A007DFEA6 /* Sources */ = {
			isa = PBXSourcesBuildPhase;
			buildActionMask = 2147483647;
			files = (
				CE4574742514C42A007DFEA6 /* MovieViewController.swift in Sources */,
				CE457486251667E1007DFEA6 /* ApiService.swift in Sources */,
				CE4574AA251756ED007DFEA6 /* MovieTableViewCell.swift in Sources */,
				CE45748825172B1C007DFEA6 /* MovieViewModel.swift in Sources */,
				CE4BAA2225178B6A003D49F2 /* RealmMethods.swift in Sources */,
				CE4BAA1A2517792F003D49F2 /* MovieDetailViewController.swift in Sources */,
				CE4574702514C42A007DFEA6 /* AppDelegate.swift in Sources */,
				CE4BAA202517887E003D49F2 /* MovieCached.swift in Sources */,
				CE4574722514C42A007DFEA6 /* SceneDelegate.swift in Sources */,
				CE45748425166457007DFEA6 /* Model.swift in Sources */,
			);
			runOnlyForDeploymentPostprocessing = 0;
		};
/* End PBXSourcesBuildPhase section */

/* Begin PBXVariantGroup section */
		CE4574752514C42A007DFEA6 /* Main.storyboard */ = {
			isa = PBXVariantGroup;
			children = (
				CE4574762514C42A007DFEA6 /* Base */,
			);
			name = Main.storyboard;
			sourceTree = "<group>";
		};
		CE45747A2514C42F007DFEA6 /* LaunchScreen.storyboard */ = {
			isa = PBXVariantGroup;
			children = (
				CE45747B2514C42F007DFEA6 /* Base */,
			);
			name = LaunchScreen.storyboard;
			sourceTree = "<group>";
		};
/* End PBXVariantGroup section */

/* Begin XCBuildConfiguration section */
		CE45747E2514C42F007DFEA6 /* Debug */ = {
			isa = XCBuildConfiguration;
			buildSettings = {
				ALWAYS_SEARCH_USER_PATHS = NO;
				CLANG_ANALYZER_NONNULL = YES;
				CLANG_ANALYZER_NUMBER_OBJECT_CONVERSION = YES_AGGRESSIVE;
				CLANG_CXX_LANGUAGE_STANDARD = "gnu++14";
				CLANG_CXX_LIBRARY = "libc++";
				CLANG_ENABLE_MODULES = YES;
				CLANG_ENABLE_OBJC_ARC = YES;
				CLANG_ENABLE_OBJC_WEAK = YES;
				CLANG_WARN_BLOCK_CAPTURE_AUTORELEASING = YES;
				CLANG_WARN_BOOL_CONVERSION = YES;
				CLANG_WARN_COMMA = YES;
				CLANG_WARN_CONSTANT_CONVERSION = YES;
				CLANG_WARN_DEPRECATED_OBJC_IMPLEMENTATIONS = YES;
				CLANG_WARN_DIRECT_OBJC_ISA_USAGE = YES_ERROR;
				CLANG_WARN_DOCUMENTATION_COMMENTS = YES;
				CLANG_WARN_EMPTY_BODY = YES;
				CLANG_WARN_ENUM_CONVERSION = YES;
				CLANG_WARN_INFINITE_RECURSION = YES;
				CLANG_WARN_INT_CONVERSION = YES;
				CLANG_WARN_NON_LITERAL_NULL_CONVERSION = YES;
				CLANG_WARN_OBJC_IMPLICIT_RETAIN_SELF = YES;
				CLANG_WARN_OBJC_LITERAL_CONVERSION = YES;
				CLANG_WARN_OBJC_ROOT_CLASS = YES_ERROR;
				CLANG_WARN_RANGE_LOOP_ANALYSIS = YES;
				CLANG_WARN_STRICT_PROTOTYPES = YES;
				CLANG_WARN_SUSPICIOUS_MOVE = YES;
				CLANG_WARN_UNGUARDED_AVAILABILITY = YES_AGGRESSIVE;
				CLANG_WARN_UNREACHABLE_CODE = YES;
				CLANG_WARN__DUPLICATE_METHOD_MATCH = YES;
				COPY_PHASE_STRIP = NO;
				DEBUG_INFORMATION_FORMAT = dwarf;
				ENABLE_STRICT_OBJC_MSGSEND = YES;
				ENABLE_TESTABILITY = YES;
				GCC_C_LANGUAGE_STANDARD = gnu11;
				GCC_DYNAMIC_NO_PIC = NO;
				GCC_NO_COMMON_BLOCKS = YES;
				GCC_OPTIMIZATION_LEVEL = 0;
				GCC_PREPROCESSOR_DEFINITIONS = (
					"DEBUG=1",
					"$(inherited)",
				);
				GCC_WARN_64_TO_32_BIT_CONVERSION = YES;
				GCC_WARN_ABOUT_RETURN_TYPE = YES_ERROR;
				GCC_WARN_UNDECLARED_SELECTOR = YES;
				GCC_WARN_UNINITIALIZED_AUTOS = YES_AGGRESSIVE;
				GCC_WARN_UNUSED_FUNCTION = YES;
				GCC_WARN_UNUSED_VARIABLE = YES;
				IPHONEOS_DEPLOYMENT_TARGET = 13.2;
				MTL_ENABLE_DEBUG_INFO = INCLUDE_SOURCE;
				MTL_FAST_MATH = YES;
				ONLY_ACTIVE_ARCH = YES;
				SDKROOT = iphoneos;
				SWIFT_ACTIVE_COMPILATION_CONDITIONS = DEBUG;
				SWIFT_OPTIMIZATION_LEVEL = "-Onone";
			};
			name = Debug;
		};
		CE45747F2514C42F007DFEA6 /* Release */ = {
			isa = XCBuildConfiguration;
			buildSettings = {
				ALWAYS_SEARCH_USER_PATHS = NO;
				CLANG_ANALYZER_NONNULL = YES;
				CLANG_ANALYZER_NUMBER_OBJECT_CONVERSION = YES_AGGRESSIVE;
				CLANG_CXX_LANGUAGE_STANDARD = "gnu++14";
				CLANG_CXX_LIBRARY = "libc++";
				CLANG_ENABLE_MODULES = YES;
				CLANG_ENABLE_OBJC_ARC = YES;
				CLANG_ENABLE_OBJC_WEAK = YES;
				CLANG_WARN_BLOCK_CAPTURE_AUTORELEASING = YES;
				CLANG_WARN_BOOL_CONVERSION = YES;
				CLANG_WARN_COMMA = YES;
				CLANG_WARN_CONSTANT_CONVERSION = YES;
				CLANG_WARN_DEPRECATED_OBJC_IMPLEMENTATIONS = YES;
				CLANG_WARN_DIRECT_OBJC_ISA_USAGE = YES_ERROR;
				CLANG_WARN_DOCUMENTATION_COMMENTS = YES;
				CLANG_WARN_EMPTY_BODY = YES;
				CLANG_WARN_ENUM_CONVERSION = YES;
				CLANG_WARN_INFINITE_RECURSION = YES;
				CLANG_WARN_INT_CONVERSION = YES;
				CLANG_WARN_NON_LITERAL_NULL_CONVERSION = YES;
				CLANG_WARN_OBJC_IMPLICIT_RETAIN_SELF = YES;
				CLANG_WARN_OBJC_LITERAL_CONVERSION = YES;
				CLANG_WARN_OBJC_ROOT_CLASS = YES_ERROR;
				CLANG_WARN_RANGE_LOOP_ANALYSIS = YES;
				CLANG_WARN_STRICT_PROTOTYPES = YES;
				CLANG_WARN_SUSPICIOUS_MOVE = YES;
				CLANG_WARN_UNGUARDED_AVAILABILITY = YES_AGGRESSIVE;
				CLANG_WARN_UNREACHABLE_CODE = YES;
				CLANG_WARN__DUPLICATE_METHOD_MATCH = YES;
				COPY_PHASE_STRIP = NO;
				DEBUG_INFORMATION_FORMAT = "dwarf-with-dsym";
				ENABLE_NS_ASSERTIONS = NO;
				ENABLE_STRICT_OBJC_MSGSEND = YES;
				GCC_C_LANGUAGE_STANDARD = gnu11;
				GCC_NO_COMMON_BLOCKS = YES;
				GCC_WARN_64_TO_32_BIT_CONVERSION = YES;
				GCC_WARN_ABOUT_RETURN_TYPE = YES_ERROR;
				GCC_WARN_UNDECLARED_SELECTOR = YES;
				GCC_WARN_UNINITIALIZED_AUTOS = YES_AGGRESSIVE;
				GCC_WARN_UNUSED_FUNCTION = YES;
				GCC_WARN_UNUSED_VARIABLE = YES;
				IPHONEOS_DEPLOYMENT_TARGET = 13.2;
				MTL_ENABLE_DEBUG_INFO = NO;
				MTL_FAST_MATH = YES;
				SDKROOT = iphoneos;
				SWIFT_COMPILATION_MODE = wholemodule;
				SWIFT_OPTIMIZATION_LEVEL = "-O";
				VALIDATE_PRODUCT = YES;
			};
			name = Release;
		};
		CE4574812514C42F007DFEA6 /* Debug */ = {
			isa = XCBuildConfiguration;
			baseConfigurationReference = 1F0DB7C6F813C74BA9DE92EC /* Pods-NewsApp.debug.xcconfig */;
			buildSettings = {
				ASSETCATALOG_COMPILER_APPICON_NAME = AppIcon;
				CODE_SIGN_STYLE = Automatic;
				INFOPLIST_FILE = NewsApp/Info.plist;
				LD_RUNPATH_SEARCH_PATHS = (
					"$(inherited)",
					"@executable_path/Frameworks",
				);
				PRODUCT_BUNDLE_IDENTIFIER = "Syrym-Zhursin.NewsApp";
				PRODUCT_NAME = "$(TARGET_NAME)";
				SWIFT_VERSION = 5.0;
				TARGETED_DEVICE_FAMILY = "1,2";
			};
			name = Debug;
		};
		CE4574822514C42F007DFEA6 /* Release */ = {
			isa = XCBuildConfiguration;
			baseConfigurationReference = D624B455C1B908469F51A14F /* Pods-NewsApp.release.xcconfig */;
			buildSettings = {
				ASSETCATALOG_COMPILER_APPICON_NAME = AppIcon;
				CODE_SIGN_STYLE = Automatic;
				INFOPLIST_FILE = NewsApp/Info.plist;
				LD_RUNPATH_SEARCH_PATHS = (
					"$(inherited)",
					"@executable_path/Frameworks",
				);
				PRODUCT_BUNDLE_IDENTIFIER = "Syrym-Zhursin.NewsApp";
				PRODUCT_NAME = "$(TARGET_NAME)";
				SWIFT_VERSION = 5.0;
				TARGETED_DEVICE_FAMILY = "1,2";
			};
			name = Release;
		};
/* End XCBuildConfiguration section */

/* Begin XCConfigurationList section */
		CE4574672514C42A007DFEA6 /* Build configuration list for PBXProject "NewsApp" */ = {
			isa = XCConfigurationList;
			buildConfigurations = (
				CE45747E2514C42F007DFEA6 /* Debug */,
				CE45747F2514C42F007DFEA6 /* Release */,
			);
			defaultConfigurationIsVisible = 0;
			defaultConfigurationName = Release;
		};
		CE4574802514C42F007DFEA6 /* Build configuration list for PBXNativeTarget "NewsApp" */ = {
			isa = XCConfigurationList;
			buildConfigurations = (
				CE4574812514C42F007DFEA6 /* Debug */,
				CE4574822514C42F007DFEA6 /* Release */,
			);
			defaultConfigurationIsVisible = 0;
			defaultConfigurationName = Release;
		};
/* End XCConfigurationList section */
	};
	rootObject = CE4574642514C42A007DFEA6 /* Project object */;
}
